
Microsoft Visual Studio Solution File, Format Version 12.00
# Visual Studio 15
VisualStudioVersion = 15.0.28307.329
MinimumVisualStudioVersion = 10.0.40219.1
Project("{FAE04EC0-301F-11D3-BF4B-00C04F79EFBC}") = "DataService", "DataService\DataService.csproj", "{7F5FD575-5720-4814-B207-44ED641C9879}"
EndProject
Project("{FAE04EC0-301F-11D3-BF4B-00C04F79EFBC}") = "ATV_Advertisement", "ATV_Advertisement\ATV_Advertisement.csproj", "{093F34C4-8768-4FC0-A984-9366D0E835C0}"
EndProject
Global
	GlobalSection(SolutionConfigurationPlatforms) = preSolution
		Debug|Any CPU = Debug|Any CPU
		Release|Any CPU = Release|Any CPU
	EndGlobalSection
	GlobalSection(ProjectConfigurationPlatforms) = postSolution
		{7F5FD575-5720-4814-B207-44ED641C9879}.Debug|Any CPU.ActiveCfg = Debug|Any CPU
		{7F5FD575-5720-4814-B207-44ED641C9879}.Debug|Any CPU.Build.0 = Debug|Any CPU
		{7F5FD575-5720-4814-B207-44ED641C9879}.Release|Any CPU.ActiveCfg = Release|Any CPU
		{7F5FD575-5720-4814-B207-44ED641C9879}.Release|Any CPU.Build.0 = Release|Any CPU
		{093F34C4-8768-4FC0-A984-9366D0E835C0}.Debug|Any CPU.ActiveCfg = Debug|Any CPU
		{093F34C4-8768-4FC0-A984-9366D0E835C0}.Debug|Any CPU.Build.0 = Debug|Any CPU
		{093F34C4-8768-4FC0-A984-9366D0E835C0}.Release|Any CPU.ActiveCfg = Release|Any CPU
		{093F34C4-8768-4FC0-A984-9366D0E835C0}.Release|Any CPU.Build.0 = Release|Any CPU
	EndGlobalSection
	GlobalSection(SolutionProperties) = preSolution
		HideSolutionNode = FALSE
	EndGlobalSection
	GlobalSection(ExtensibilityGlobals) = postSolution
		SolutionGuid = {5AE76CF2-F390-4B2B-818B-5424BFA0FBA7}
	EndGlobalSection
EndGlobal
